
Microsoft Visual Studio Solution File, Format Version 12.00
Project("{FAE04EC0-301F-11D3-BF4B-00C04F79EFBC}") = "OsuApi", "OsuApi.csproj", "{1F5D83FB-F14C-4CC3-95F8-78A32DE39E32}"
EndProject
Global
	GlobalSection(SolutionConfigurationPlatforms) = preSolution
		Debug|Any CPU = Debug|Any CPU
		Release|Any CPU = Release|Any CPU
	EndGlobalSection
	GlobalSection(ProjectConfigurationPlatforms) = postSolution
		{1F5D83FB-F14C-4CC3-95F8-78A32DE39E32}.Debug|Any CPU.ActiveCfg = Debug|Any CPU
		{1F5D83FB-F14C-4CC3-95F8-78A32DE39E32}.Debug|Any CPU.Build.0 = Debug|Any CPU
		{1F5D83FB-F14C-4CC3-95F8-78A32DE39E32}.Release|Any CPU.ActiveCfg = Release|Any CPU
		{1F5D83FB-F14C-4CC3-95F8-78A32DE39E32}.Release|Any CPU.Build.0 = Release|Any CPU
	EndGlobalSection
EndGlobal
